
Microsoft Visual Studio Solution File, Format Version 12.00
Project("{FAE04EC0-301F-11D3-BF4B-00C04F79EFBC}") = "svelte-rpg-backend", "svelte-rpg-backend\svelte-rpg-backend.csproj", "{DCC6D0BC-B611-4229-8F8D-4217ACBFD55C}"
EndProject
Global
	GlobalSection(SolutionConfigurationPlatforms) = preSolution
		Debug|Any CPU = Debug|Any CPU
		Release|Any CPU = Release|Any CPU
	EndGlobalSection
	GlobalSection(ProjectConfigurationPlatforms) = postSolution
		{DCC6D0BC-B611-4229-8F8D-4217ACBFD55C}.Debug|Any CPU.ActiveCfg = Debug|Any CPU
		{DCC6D0BC-B611-4229-8F8D-4217ACBFD55C}.Debug|Any CPU.Build.0 = Debug|Any CPU
		{DCC6D0BC-B611-4229-8F8D-4217ACBFD55C}.Release|Any CPU.ActiveCfg = Release|Any CPU
		{DCC6D0BC-B611-4229-8F8D-4217ACBFD55C}.Release|Any CPU.Build.0 = Release|Any CPU
	EndGlobalSection
EndGlobal
